
Microsoft Visual Studio Solution File, Format Version 12.00
# Visual Studio Version 17
VisualStudioVersion = 17.12.35209.166
MinimumVisualStudioVersion = 10.0.40219.1
Project("{FAE04EC0-301F-11D3-BF4B-00C04F79EFBC}") = "ControlScreenSaver", "ControlScreenSaver\ControlScreenSaver.csproj", "{D298D8E7-C232-454F-9CA4-1CA05D85F1A8}"
EndProject
Global
	GlobalSection(SolutionConfigurationPlatforms) = preSolution
		Debug|Any CPU = Debug|Any CPU
		Release|Any CPU = Release|Any CPU
	EndGlobalSection
	GlobalSection(ProjectConfigurationPlatforms) = postSolution
		{D298D8E7-C232-454F-9CA4-1CA05D85F1A8}.Debug|Any CPU.ActiveCfg = Debug|Any CPU
		{D298D8E7-C232-454F-9CA4-1CA05D85F1A8}.Debug|Any CPU.Build.0 = Debug|Any CPU
		{D298D8E7-C232-454F-9CA4-1CA05D85F1A8}.Release|Any CPU.ActiveCfg = Release|Any CPU
		{D298D8E7-C232-454F-9CA4-1CA05D85F1A8}.Release|Any CPU.Build.0 = Release|Any CPU
	EndGlobalSection
	GlobalSection(SolutionProperties) = preSolution
		HideSolutionNode = FALSE
	EndGlobalSection
	GlobalSection(ExtensibilityGlobals) = postSolution
		SolutionGuid = {29390450-59C6-472B-B93A-A2CB72D1DD1C}
	EndGlobalSection
EndGlobal
